
Microsoft Visual Studio Solution File, Format Version 11.00
# Visual Studio 2010
Project("{FAE04EC0-301F-11D3-BF4B-00C04F79EFBC}") = "Assembly-CSharp-firstpass", "Assembly-CSharp-firstpass.csproj", "{5613A590-E9E0-2D11-D836-4FC217BF4BEE}"
EndProject
Global
	GlobalSection(SolutionConfigurationPlatforms) = preSolution
		Debug|Any CPU = Debug|Any CPU
		Release|Any CPU = Release|Any CPU
	EndGlobalSection
	GlobalSection(ProjectConfigurationPlatforms) = postSolution
		{5613A590-E9E0-2D11-D836-4FC217BF4BEE}.Debug|Any CPU.ActiveCfg = Debug|Any CPU
		{5613A590-E9E0-2D11-D836-4FC217BF4BEE}.Debug|Any CPU.Build.0 = Debug|Any CPU
		{5613A590-E9E0-2D11-D836-4FC217BF4BEE}.Release|Any CPU.ActiveCfg = Release|Any CPU
		{5613A590-E9E0-2D11-D836-4FC217BF4BEE}.Release|Any CPU.Build.0 = Release|Any CPU
	EndGlobalSection
	GlobalSection(MonoDevelopProperties) = preSolution
		StartupItem = Assembly-CSharp-firstpass.csproj
	EndGlobalSection
EndGlobal
